
Microsoft Visual Studio Solution File, Format Version 12.00
# Visual Studio Version 17
VisualStudioVersion = 17.12.35527.113 d17.12
MinimumVisualStudioVersion = 10.0.40219.1
Project("{FAE04EC0-301F-11D3-BF4B-00C04F79EFBC}") = "SalesApp", "SalesApp\SalesApp.csproj", "{2ABA1404-1817-4A29-9BF8-5926D25A4A79}"
EndProject
Project("{FAE04EC0-301F-11D3-BF4B-00C04F79EFBC}") = "SalesService", "SalesService\SalesService.csproj", "{0325DC7A-78AD-4770-8C53-5291A763F751}"
EndProject
Global
	GlobalSection(SolutionConfigurationPlatforms) = preSolution
		Debug|Any CPU = Debug|Any CPU
		Release|Any CPU = Release|Any CPU
	EndGlobalSection
	GlobalSection(ProjectConfigurationPlatforms) = postSolution
		{2ABA1404-1817-4A29-9BF8-5926D25A4A79}.Debug|Any CPU.ActiveCfg = Debug|Any CPU
		{2ABA1404-1817-4A29-9BF8-5926D25A4A79}.Debug|Any CPU.Build.0 = Debug|Any CPU
		{2ABA1404-1817-4A29-9BF8-5926D25A4A79}.Release|Any CPU.ActiveCfg = Release|Any CPU
		{2ABA1404-1817-4A29-9BF8-5926D25A4A79}.Release|Any CPU.Build.0 = Release|Any CPU
		{0325DC7A-78AD-4770-8C53-5291A763F751}.Debug|Any CPU.ActiveCfg = Debug|Any CPU
		{0325DC7A-78AD-4770-8C53-5291A763F751}.Debug|Any CPU.Build.0 = Debug|Any CPU
		{0325DC7A-78AD-4770-8C53-5291A763F751}.Release|Any CPU.ActiveCfg = Release|Any CPU
		{0325DC7A-78AD-4770-8C53-5291A763F751}.Release|Any CPU.Build.0 = Release|Any CPU
	EndGlobalSection
	GlobalSection(SolutionProperties) = preSolution
		HideSolutionNode = FALSE
	EndGlobalSection
EndGlobal
